{
  "version": 4,
  "terraform_version": "1.1.8",
  "serial": 36,
  "lineage": "b24c57a8-9ba1-ae3d-db6e-2574dc27ac52",
  "outputs": {},
  "resources": [
    {
      "mode": "managed",
      "type": "google_compute_firewall",
      "name": "ssh",
      "provider": "provider[\"registry.terraform.io/hashicorp/google\"]",
      "instances": [
        {
          "schema_version": 1,
          "attributes": {
            "allow": [
              {
                "ports": [],
                "protocol": "tcp"
              }
            ],
            "creation_timestamp": "2022-05-08T11:45:38.068-07:00",
            "deny": [],
            "description": "",
            "destination_ranges": [],
            "direction": "INGRESS",
            "disabled": false,
            "enable_logging": false,
            "id": "projects/nouran-gcp-348610/global/firewalls/test-firewall",
            "name": "test-firewall",
            "network": "https://www.googleapis.com/compute/v1/projects/nouran-gcp-348610/global/networks/vpc-01",
            "priority": 1000,
            "project": "nouran-gcp-348610",
            "self_link": "https://www.googleapis.com/compute/v1/projects/nouran-gcp-348610/global/firewalls/test-firewall",
            "source_ranges": [
              "0.0.0.0/0"
            ],
            "source_service_accounts": [],
            "source_tags": [],
            "target_service_accounts": [],
            "target_tags": [],
            "timeouts": null
          },
          "sensitive_attributes": [],
          "private": "eyJlMmJmYjczMC1lY2FhLTExZTYtOGY4OC0zNDM2M2JjN2M0YzAiOnsiY3JlYXRlIjoyNDAwMDAwMDAwMDAsImRlbGV0ZSI6MjQwMDAwMDAwMDAwLCJ1cGRhdGUiOjI0MDAwMDAwMDAwMH0sInNjaGVtYV92ZXJzaW9uIjoiMSJ9",
          "dependencies": [
            "google_compute_network.vpc_network"
          ]
        }
      ]
    },
    {
      "mode": "managed",
      "type": "google_compute_instance",
      "name": "control-plane",
      "provider": "provider[\"registry.terraform.io/hashicorp/google\"]",
      "instances": [
        {
          "schema_version": 6,
          "attributes": {
            "allow_stopping_for_update": null,
            "attached_disk": [],
            "boot_disk": [
              {
                "auto_delete": true,
                "device_name": "persistent-disk-0",
                "disk_encryption_key_raw": "",
                "disk_encryption_key_sha256": "",
                "initialize_params": [
                  {
                    "image": "https://www.googleapis.com/compute/v1/projects/ubuntu-os-cloud/global/images/ubuntu-2204-jammy-v20220506",
                    "labels": {},
                    "size": 10,
                    "type": "pd-standard"
                  }
                ],
                "kms_key_self_link": "",
                "mode": "READ_WRITE",
                "source": "https://www.googleapis.com/compute/v1/projects/nouran-gcp-348610/zones/us-central1-c/disks/vm-01"
              }
            ],
            "can_ip_forward": false,
            "cpu_platform": "AMD Rome",
            "deletion_protection": false,
            "description": "",
            "enable_display": false,
            "guest_accelerator": [],
            "hostname": "",
            "id": "projects/nouran-gcp-348610/zones/us-central1-c/instances/vm-01",
            "instance_id": "7391151318105436654",
            "label_fingerprint": "42WmSpB8rSM=",
            "labels": {},
            "machine_type": "e2-medium",
            "metadata": {},
            "metadata_fingerprint": "3VJrQSWNAJk=",
            "metadata_startup_script": "",
            "min_cpu_platform": "",
            "name": "vm-01",
            "network_interface": [
              {
                "access_config": [],
                "alias_ip_range": [],
                "name": "nic0",
                "network": "https://www.googleapis.com/compute/v1/projects/nouran-gcp-348610/global/networks/vpc-01",
                "network_ip": "10.0.0.2",
                "subnetwork": "https://www.googleapis.com/compute/v1/projects/nouran-gcp-348610/regions/us-central1/subnetworks/subnet-01",
                "subnetwork_project": "nouran-gcp-348610"
              }
            ],
            "project": "nouran-gcp-348610",
            "scheduling": [
              {
                "automatic_restart": true,
                "node_affinities": [],
                "on_host_maintenance": "MIGRATE",
                "preemptible": false
              }
            ],
            "scratch_disk": [],
            "self_link": "https://www.googleapis.com/compute/v1/projects/nouran-gcp-348610/zones/us-central1-c/instances/vm-01",
            "service_account": [
              {
                "email": "cluster-admin@nouran-gcp-348610.iam.gserviceaccount.com",
                "scopes": [
                  "https://www.googleapis.com/auth/cloud-platform"
                ]
              }
            ],
            "shielded_instance_config": [
              {
                "enable_integrity_monitoring": true,
                "enable_secure_boot": false,
                "enable_vtpm": true
              }
            ],
            "tags": [],
            "tags_fingerprint": "42WmSpB8rSM=",
            "timeouts": null,
            "zone": "us-central1-c"
          },
          "sensitive_attributes": [],
          "private": "eyJlMmJmYjczMC1lY2FhLTExZTYtOGY4OC0zNDM2M2JjN2M0YzAiOnsiY3JlYXRlIjoxMjAwMDAwMDAwMDAwLCJkZWxldGUiOjEyMDAwMDAwMDAwMDAsInVwZGF0ZSI6MTIwMDAwMDAwMDAwMH0sInNjaGVtYV92ZXJzaW9uIjoiNiJ9",
          "dependencies": [
            "google_compute_network.vpc_network",
            "google_compute_subnetwork.public-subnetwork",
            "google_service_account.gke-serviceAccount"
          ]
        }
      ]
    },
    {
      "mode": "managed",
      "type": "google_compute_network",
      "name": "vpc_network",
      "provider": "provider[\"registry.terraform.io/hashicorp/google\"]",
      "instances": [
        {
          "schema_version": 0,
          "attributes": {
            "auto_create_subnetworks": false,
            "delete_default_routes_on_create": false,
            "description": "",
            "gateway_ipv4": "",
            "id": "projects/nouran-gcp-348610/global/networks/vpc-01",
            "ipv4_range": null,
            "name": "vpc-01",
            "project": "nouran-gcp-348610",
            "routing_mode": "REGIONAL",
            "self_link": "https://www.googleapis.com/compute/v1/projects/nouran-gcp-348610/global/networks/vpc-01",
            "timeouts": null
          },
          "sensitive_attributes": [],
          "private": "eyJlMmJmYjczMC1lY2FhLTExZTYtOGY4OC0zNDM2M2JjN2M0YzAiOnsiY3JlYXRlIjoyNDAwMDAwMDAwMDAsImRlbGV0ZSI6MjQwMDAwMDAwMDAwLCJ1cGRhdGUiOjI0MDAwMDAwMDAwMH19"
        }
      ]
    },
    {
      "mode": "managed",
      "type": "google_compute_router",
      "name": "router",
      "provider": "provider[\"registry.terraform.io/hashicorp/google\"]",
      "instances": [
        {
          "schema_version": 0,
          "attributes": {
            "bgp": [
              {
                "advertise_mode": "DEFAULT",
                "advertised_groups": [],
                "advertised_ip_ranges": [],
                "asn": 64514
              }
            ],
            "creation_timestamp": "2022-05-08T11:31:23.890-07:00",
            "description": "",
            "id": "projects/nouran-gcp-348610/regions/us-central1/routers/my-router",
            "name": "my-router",
            "network": "https://www.googleapis.com/compute/v1/projects/nouran-gcp-348610/global/networks/vpc-01",
            "project": "nouran-gcp-348610",
            "region": "us-central1",
            "self_link": "https://www.googleapis.com/compute/v1/projects/nouran-gcp-348610/regions/us-central1/routers/my-router",
            "timeouts": null
          },
          "sensitive_attributes": [],
          "private": "eyJlMmJmYjczMC1lY2FhLTExZTYtOGY4OC0zNDM2M2JjN2M0YzAiOnsiY3JlYXRlIjoyNDAwMDAwMDAwMDAsImRlbGV0ZSI6MjQwMDAwMDAwMDAwLCJ1cGRhdGUiOjI0MDAwMDAwMDAwMH19",
          "dependencies": [
            "google_compute_network.vpc_network",
            "google_compute_subnetwork.public-subnetwork"
          ]
        }
      ]
    },
    {
      "mode": "managed",
      "type": "google_compute_router_nat",
      "name": "nat",
      "provider": "provider[\"registry.terraform.io/hashicorp/google\"]",
      "instances": [
        {
          "schema_version": 0,
          "attributes": {
            "icmp_idle_timeout_sec": 30,
            "id": "nouran-gcp-348610/us-central1/my-router/my-router-nat",
            "log_config": [],
            "min_ports_per_vm": 0,
            "name": "my-router-nat",
            "nat_ip_allocate_option": "AUTO_ONLY",
            "nat_ips": [],
            "project": "nouran-gcp-348610",
            "region": "us-central1",
            "router": "my-router",
            "source_subnetwork_ip_ranges_to_nat": "ALL_SUBNETWORKS_ALL_IP_RANGES",
            "subnetwork": [],
            "tcp_established_idle_timeout_sec": 1200,
            "tcp_transitory_idle_timeout_sec": 30,
            "timeouts": null,
            "udp_idle_timeout_sec": 30
          },
          "sensitive_attributes": [],
          "private": "eyJlMmJmYjczMC1lY2FhLTExZTYtOGY4OC0zNDM2M2JjN2M0YzAiOnsiY3JlYXRlIjo2MDAwMDAwMDAwMDAsImRlbGV0ZSI6NjAwMDAwMDAwMDAwLCJ1cGRhdGUiOjYwMDAwMDAwMDAwMH19",
          "dependencies": [
            "google_compute_network.vpc_network",
            "google_compute_router.router",
            "google_compute_subnetwork.public-subnetwork"
          ]
        }
      ]
    },
    {
      "mode": "managed",
      "type": "google_compute_subnetwork",
      "name": "private-subnetwork",
      "provider": "provider[\"registry.terraform.io/hashicorp/google\"]",
      "instances": [
        {
          "schema_version": 0,
          "attributes": {
            "creation_timestamp": "2022-05-08T10:22:40.275-07:00",
            "description": "",
            "enable_flow_logs": null,
            "fingerprint": null,
            "gateway_address": "10.0.1.1",
            "id": "projects/nouran-gcp-348610/regions/us-central1/subnetworks/subnet-02",
            "ip_cidr_range": "10.0.1.0/24",
            "log_config": [],
            "name": "subnet-02",
            "network": "https://www.googleapis.com/compute/v1/projects/nouran-gcp-348610/global/networks/vpc-01",
            "private_ip_google_access": false,
            "project": "nouran-gcp-348610",
            "region": "us-central1",
            "secondary_ip_range": [
              {
                "ip_cidr_range": "10.148.0.0/20",
                "range_name": "gke-my-gke-cluster-services-989a93ee"
              },
              {
                "ip_cidr_range": "10.144.0.0/14",
                "range_name": "gke-my-gke-cluster-pods-989a93ee"
              }
            ],
            "self_link": "https://www.googleapis.com/compute/v1/projects/nouran-gcp-348610/regions/us-central1/subnetworks/subnet-02",
            "timeouts": null
          },
          "sensitive_attributes": [],
          "private": "eyJlMmJmYjczMC1lY2FhLTExZTYtOGY4OC0zNDM2M2JjN2M0YzAiOnsiY3JlYXRlIjozNjAwMDAwMDAwMDAsImRlbGV0ZSI6MzYwMDAwMDAwMDAwLCJ1cGRhdGUiOjM2MDAwMDAwMDAwMH19",
          "dependencies": [
            "google_compute_network.vpc_network"
          ]
        }
      ]
    },
    {
      "mode": "managed",
      "type": "google_compute_subnetwork",
      "name": "public-subnetwork",
      "provider": "provider[\"registry.terraform.io/hashicorp/google\"]",
      "instances": [
        {
          "schema_version": 0,
          "attributes": {
            "creation_timestamp": "2022-05-08T10:22:40.379-07:00",
            "description": "",
            "enable_flow_logs": null,
            "fingerprint": null,
            "gateway_address": "10.0.0.1",
            "id": "projects/nouran-gcp-348610/regions/us-central1/subnetworks/subnet-01",
            "ip_cidr_range": "10.0.0.0/24",
            "log_config": [],
            "name": "subnet-01",
            "network": "https://www.googleapis.com/compute/v1/projects/nouran-gcp-348610/global/networks/vpc-01",
            "private_ip_google_access": false,
            "project": "nouran-gcp-348610",
            "region": "us-central1",
            "secondary_ip_range": [],
            "self_link": "https://www.googleapis.com/compute/v1/projects/nouran-gcp-348610/regions/us-central1/subnetworks/subnet-01",
            "timeouts": null
          },
          "sensitive_attributes": [],
          "private": "eyJlMmJmYjczMC1lY2FhLTExZTYtOGY4OC0zNDM2M2JjN2M0YzAiOnsiY3JlYXRlIjozNjAwMDAwMDAwMDAsImRlbGV0ZSI6MzYwMDAwMDAwMDAwLCJ1cGRhdGUiOjM2MDAwMDAwMDAwMH19",
          "dependencies": [
            "google_compute_network.vpc_network"
          ]
        }
      ]
    },
    {
      "mode": "managed",
      "type": "google_container_cluster",
      "name": "gke-cluster",
      "provider": "provider[\"registry.terraform.io/hashicorp/google\"]",
      "instances": [
        {
          "schema_version": 1,
          "attributes": {
            "additional_zones": [],
            "addons_config": [
              {
                "horizontal_pod_autoscaling": [],
                "http_load_balancing": [],
                "kubernetes_dashboard": [],
                "network_policy_config": [
                  {
                    "disabled": true
                  }
                ]
              }
            ],
            "authenticator_groups_config": [],
            "cluster_autoscaling": [
              {
                "auto_provisioning_defaults": [],
                "enabled": false,
                "resource_limits": []
              }
            ],
            "cluster_ipv4_cidr": "10.144.0.0/14",
            "default_max_pods_per_node": 110,
            "description": "",
            "enable_binary_authorization": null,
            "enable_intranode_visibility": null,
            "enable_kubernetes_alpha": false,
            "enable_legacy_abac": false,
            "enable_tpu": null,
            "endpoint": "192.168.1.2",
            "id": "projects/nouran-gcp-348610/locations/us-central1/clusters/my-gke-cluster",
            "initial_node_count": 1,
            "instance_group_urls": [
              "https://www.googleapis.com/compute/v1/projects/nouran-gcp-348610/zones/us-central1-b/instanceGroups/gke-my-gke-cluster-my-node-pool-d55a6f3b-grp"
            ],
            "ip_allocation_policy": [
              {
                "cluster_ipv4_cidr_block": "10.144.0.0/14",
                "cluster_secondary_range_name": "gke-my-gke-cluster-pods-989a93ee",
                "create_subnetwork": false,
                "node_ipv4_cidr_block": "",
                "services_ipv4_cidr_block": "10.148.0.0/20",
                "services_secondary_range_name": "gke-my-gke-cluster-services-989a93ee",
                "subnetwork_name": "",
                "use_ip_aliases": false
              }
            ],
            "location": "us-central1",
            "logging_service": "logging.googleapis.com/kubernetes",
            "maintenance_policy": [],
            "master_auth": [
              {
                "client_certificate": "",
                "client_certificate_config": [
                  {
                    "issue_client_certificate": false
                  }
                ],
                "client_key": "",
                "cluster_ca_certificate": "LS0tLS1CRUdJTiBDRVJUSUZJQ0FURS0tLS0tCk1JSUVMRENDQXBTZ0F3SUJBZ0lRS0ZwR1VoRXdwV0hYVlZtSUtVMXdjekFOQmdrcWhraUc5dzBCQVFzRkFEQXYKTVMwd0t3WURWUVFERXlSaU5EZzNOMlF5T0Mxak5EUmxMVFEzWVRndE9ETmpNUzFrTXpZNE16Qm1NakU0WVdJdwpJQmNOTWpJd05UQTRNVGN6TVRJMFdoZ1BNakExTWpBME16QXhPRE14TWpSYU1DOHhMVEFyQmdOVkJBTVRKR0kwCk9EYzNaREk0TFdNME5HVXRORGRoT0MwNE0yTXhMV1F6Tmpnek1HWXlNVGhoWWpDQ0FhSXdEUVlKS29aSWh2Y04KQVFFQkJRQURnZ0dQQURDQ0FZb0NnZ0dCQUx4eDVxQm42ME4vUmIvdTd2WEV0dzNQeUx0ZW9qSnRVcXlkK3ovbApMc3pjQmg2S3JsYUgxaXZLMlBaN0xGWitsdzFENkprTXhqclppRWlyZkRMZnhDOFE0UUZ6V0RxbjhjamlvVTVMCnV6VGI0cjZtQkpRMTdjeng0U0YrNVM4NlY1aEY5VlQ0WnBRRTNza2JSVUtycjg4VWIyS3dzd1NqZ2VDQ0daczcKZ25TSVBKS3lzYytSMEk4dWhyZC9qd0QyWE5PZHAxVDlyMlJ3d0tSUmRXQkZPeGhaOGloeTQxaHUvcE1IRmJmTwpKODhiNFpzZjh3NldvaHlWdlZxUjBxUktUbU53RUlOK1lFek4wZ0g4SHZwbnRsZ2IrMW1OdmZZYjI5THVmS0NzClB5Z3NtSHFjNmlpam9mc2IrcUdiT05pQm5BN3p1ZXNWc2J5MWV0eWphd3RQT1hJdWsvRGJTeCtJTHN0ZFBXN1IKVWNMa3kyaGNWbkxZM29MTzh4NXpua1NlZCtKLzcrcCtyNUtnUnl6RXJzQUU5ckdyaU8yaWJTcHV1RXpkS25xaApVUU5NOVliVGltWTE4ak1pTEc1dFFXT1h5NWk1bndKMTA5akUwTkxvT1MyVjQ5aFJKempjWCtKVEpCOG0zWWxMCm9qOTNzNUZsTjBZZlJUcHJISGtwMExQUmRRSURBUUFCbzBJd1FEQU9CZ05WSFE4QkFmOEVCQU1DQWdRd0R3WUQKVlIwVEFRSC9CQVV3QXdFQi96QWRCZ05WSFE0RUZnUVUxTjQ0TVZkRmloOHZSY1Y3bG90cXpjMU5OZ2d3RFFZSgpLb1pJaHZjTkFRRUxCUUFEZ2dHQkFBcnF0VmlQQ0pyY2g0eTkyck1JMHRmMXgvNXB1UlRWUWpyQWt5anVRU3plCmtMTnNXYVdOOGxrY2ZKVkVOSUV0c1ZZYmJhOE9DYUZreXp0ZnpFZlNxRmJvLzRwL3RPVGVZeUFRUldOTlVEVGIKdVlRdnZVVGg1K2Zoam1CNFhPclZrVDY4aDBNSUp2N0ZNVnRvdnRMUHI3R1d3RzQ4WVo5OHRxc0tlL3hLUytnUgpyRTRnMmQrR21jcHNKR29pbE1yV3l5QTFwbldKcFVUTlVHM0hLakxMbmdBZHAxUy9FZlBDWTk1Zk1VK3h3cWVyClBTUzdVdjVxdU5tckdWMHNlQnV0RkxlVG5uZVpUM3hjTGx6WVdibm9DN3BnMWM0c2FIbXQ0Y0VTWjdXNVBsc3oKV1JYRUkrd2dzSWJsd0V5bnF5M09wS3RqN0NHVmxDQlB1T3l1QTJnbEtqU01RMDB4bTNHNGRWVkJPV0duellFTQpRbTRSTmg5TmY1V0hPT3BETjgrdDBOZlF0YTA2ZnhwYldGTWVQUW9makI1OHp2RHRJY1BnUEJNT29sZU9yYkt5CmQvaktnWVU5NUdpZ09lYmRIeWJGMlBYcktwZmJFV2dzSkREeGJONnlSdVZhSUNqWmNkVFkzSFJvcGNmSy82Sm8Kci9NSytlS2xaNUtSdGsxRmFBaVl2dz09Ci0tLS0tRU5EIENFUlRJRklDQVRFLS0tLS0K",
                "password": "",
                "username": ""
              }
            ],
            "master_authorized_networks_config": [
              {
                "cidr_blocks": [
                  {
                    "cidr_block": "10.0.0.0/24",
                    "display_name": "Cidr"
                  }
                ]
              }
            ],
            "master_version": "1.21.10-gke.2000",
            "min_master_version": null,
            "monitoring_service": "monitoring.googleapis.com/kubernetes",
            "name": "my-gke-cluster",
            "network": "projects/nouran-gcp-348610/global/networks/vpc-01",
            "network_policy": [
              {
                "enabled": false,
                "provider": "PROVIDER_UNSPECIFIED"
              }
            ],
            "node_config": [
              {
                "disk_size_gb": 100,
                "disk_type": "pd-standard",
                "guest_accelerator": [],
                "image_type": "COS_CONTAINERD",
                "labels": {},
                "local_ssd_count": 0,
                "machine_type": "e2-medium",
                "metadata": {
                  "disable-legacy-endpoints": "true"
                },
                "min_cpu_platform": "",
                "oauth_scopes": [
                  "https://www.googleapis.com/auth/cloud-platform"
                ],
                "preemptible": true,
                "sandbox_config": [],
                "service_account": "cluster-admin@nouran-gcp-348610.iam.gserviceaccount.com",
                "shielded_instance_config": [
                  {
                    "enable_integrity_monitoring": true,
                    "enable_secure_boot": false
                  }
                ],
                "tags": [],
                "taint": [],
                "workload_metadata_config": []
              }
            ],
            "node_locations": [
              "us-central1-b"
            ],
            "node_pool": [
              {
                "autoscaling": [],
                "initial_node_count": 1,
                "instance_group_urls": [
                  "https://www.googleapis.com/compute/v1/projects/nouran-gcp-348610/zones/us-central1-b/instanceGroupManagers/gke-my-gke-cluster-my-node-pool-d55a6f3b-grp"
                ],
                "management": [
                  {
                    "auto_repair": true,
                    "auto_upgrade": true
                  }
                ],
                "max_pods_per_node": 110,
                "name": "my-node-pool",
                "name_prefix": "",
                "node_config": [
                  {
                    "disk_size_gb": 100,
                    "disk_type": "pd-standard",
                    "guest_accelerator": [],
                    "image_type": "COS_CONTAINERD",
                    "labels": {},
                    "local_ssd_count": 0,
                    "machine_type": "e2-medium",
                    "metadata": {
                      "disable-legacy-endpoints": "true"
                    },
                    "min_cpu_platform": "",
                    "oauth_scopes": [
                      "https://www.googleapis.com/auth/cloud-platform"
                    ],
                    "preemptible": true,
                    "sandbox_config": [],
                    "service_account": "cluster-admin@nouran-gcp-348610.iam.gserviceaccount.com",
                    "shielded_instance_config": [
                      {
                        "enable_integrity_monitoring": true,
                        "enable_secure_boot": false
                      }
                    ],
                    "tags": [],
                    "taint": [],
                    "workload_metadata_config": []
                  }
                ],
                "node_count": 1,
                "version": "1.21.10-gke.2000"
              }
            ],
            "node_version": "1.21.10-gke.2000",
            "operation": null,
            "pod_security_policy_config": [],
            "private_cluster_config": [
              {
                "enable_private_endpoint": true,
                "enable_private_nodes": true,
                "master_ipv4_cidr_block": "192.168.1.0/28",
                "private_endpoint": "192.168.1.2",
                "public_endpoint": "35.222.216.126"
              }
            ],
            "project": "nouran-gcp-348610",
            "region": null,
            "remove_default_node_pool": true,
            "resource_labels": {},
            "services_ipv4_cidr": "10.148.0.0/20",
            "subnetwork": "projects/nouran-gcp-348610/regions/us-central1/subnetworks/subnet-02",
            "timeouts": null,
            "vertical_pod_autoscaling": [],
            "zone": null
          },
          "sensitive_attributes": [],
          "private": "eyJlMmJmYjczMC1lY2FhLTExZTYtOGY4OC0zNDM2M2JjN2M0YzAiOnsiY3JlYXRlIjoyNDAwMDAwMDAwMDAwLCJkZWxldGUiOjI0MDAwMDAwMDAwMDAsInVwZGF0ZSI6MzYwMDAwMDAwMDAwMH0sInNjaGVtYV92ZXJzaW9uIjoiMSJ9",
          "dependencies": [
            "google_compute_network.vpc_network",
            "google_compute_subnetwork.private-subnetwork",
            "google_compute_subnetwork.public-subnetwork"
          ]
        }
      ]
    },
    {
      "mode": "managed",
      "type": "google_container_node_pool",
      "name": "nodepool",
      "provider": "provider[\"registry.terraform.io/hashicorp/google\"]",
      "instances": [
        {
          "schema_version": 1,
          "attributes": {
            "autoscaling": [],
            "cluster": "my-gke-cluster",
            "id": "projects/nouran-gcp-348610/locations/us-central1/clusters/my-gke-cluster/nodePools/my-node-pool",
            "initial_node_count": 1,
            "instance_group_urls": [
              "https://www.googleapis.com/compute/v1/projects/nouran-gcp-348610/zones/us-central1-b/instanceGroupManagers/gke-my-gke-cluster-my-node-pool-d55a6f3b-grp"
            ],
            "location": "us-central1",
            "management": [
              {
                "auto_repair": true,
                "auto_upgrade": true
              }
            ],
            "max_pods_per_node": 110,
            "name": "my-node-pool",
            "name_prefix": "",
            "node_config": [
              {
                "disk_size_gb": 100,
                "disk_type": "pd-standard",
                "guest_accelerator": [],
                "image_type": "COS_CONTAINERD",
                "labels": {},
                "local_ssd_count": 0,
                "machine_type": "e2-medium",
                "metadata": {
                  "disable-legacy-endpoints": "true"
                },
                "min_cpu_platform": "",
                "oauth_scopes": [
                  "https://www.googleapis.com/auth/cloud-platform"
                ],
                "preemptible": true,
                "sandbox_config": [],
                "service_account": "cluster-admin@nouran-gcp-348610.iam.gserviceaccount.com",
                "shielded_instance_config": [
                  {
                    "enable_integrity_monitoring": true,
                    "enable_secure_boot": false
                  }
                ],
                "tags": [],
                "taint": [],
                "workload_metadata_config": []
              }
            ],
            "node_count": 1,
            "project": "nouran-gcp-348610",
            "region": null,
            "timeouts": null,
            "version": "1.21.10-gke.2000",
            "zone": null
          },
          "sensitive_attributes": [],
          "private": "eyJlMmJmYjczMC1lY2FhLTExZTYtOGY4OC0zNDM2M2JjN2M0YzAiOnsiY3JlYXRlIjoxODAwMDAwMDAwMDAwLCJkZWxldGUiOjE4MDAwMDAwMDAwMDAsInVwZGF0ZSI6MTgwMDAwMDAwMDAwMH0sInNjaGVtYV92ZXJzaW9uIjoiMSJ9",
          "dependencies": [
            "google_compute_network.vpc_network",
            "google_compute_subnetwork.private-subnetwork",
            "google_compute_subnetwork.public-subnetwork",
            "google_container_cluster.gke-cluster",
            "google_service_account.gke-serviceAccount"
          ]
        }
      ]
    },
    {
      "mode": "managed",
      "type": "google_project_iam_member",
      "name": "gke-serviceAccount-binding",
      "provider": "provider[\"registry.terraform.io/hashicorp/google\"]",
      "instances": [
        {
          "schema_version": 0,
          "attributes": {
            "etag": "BwXehEzzOIE=",
            "id": "nouran-gcp-348610/roles/container.admin/serviceaccount:cluster-admin@nouran-gcp-348610.iam.gserviceaccount.com",
            "member": "serviceAccount:cluster-admin@nouran-gcp-348610.iam.gserviceaccount.com",
            "project": "nouran-gcp-348610",
            "role": "roles/container.admin"
          },
          "sensitive_attributes": [],
          "private": "bnVsbA==",
          "dependencies": [
            "google_service_account.gke-serviceAccount"
          ]
        }
      ]
    },
    {
      "mode": "managed",
      "type": "google_project_iam_member",
      "name": "node-serviceAccount-binding",
      "provider": "provider[\"registry.terraform.io/hashicorp/google\"]",
      "instances": [
        {
          "schema_version": 0,
          "attributes": {
            "etag": "BwXehEzzOIE=",
            "id": "nouran-gcp-348610/roles/storage.objectViewer/serviceaccount:node-acc@nouran-gcp-348610.iam.gserviceaccount.com",
            "member": "serviceAccount:node-acc@nouran-gcp-348610.iam.gserviceaccount.com",
            "project": "nouran-gcp-348610",
            "role": "roles/storage.objectViewer"
          },
          "sensitive_attributes": [],
          "private": "bnVsbA==",
          "dependencies": [
            "google_service_account.node-serviceAccount"
          ]
        }
      ]
    },
    {
      "mode": "managed",
      "type": "google_service_account",
      "name": "gke-serviceAccount",
      "provider": "provider[\"registry.terraform.io/hashicorp/google\"]",
      "instances": [
        {
          "schema_version": 0,
          "attributes": {
            "account_id": "cluster-admin",
            "description": "",
            "display_name": "final-k8s-admin",
            "email": "cluster-admin@nouran-gcp-348610.iam.gserviceaccount.com",
            "id": "projects/nouran-gcp-348610/serviceAccounts/cluster-admin@nouran-gcp-348610.iam.gserviceaccount.com",
            "name": "projects/nouran-gcp-348610/serviceAccounts/cluster-admin@nouran-gcp-348610.iam.gserviceaccount.com",
            "project": "nouran-gcp-348610",
            "unique_id": "116986023678423425481"
          },
          "sensitive_attributes": [],
          "private": "bnVsbA=="
        }
      ]
    },
    {
      "mode": "managed",
      "type": "google_service_account",
      "name": "node-serviceAccount",
      "provider": "provider[\"registry.terraform.io/hashicorp/google\"]",
      "instances": [
        {
          "schema_version": 0,
          "attributes": {
            "account_id": "node-acc",
            "description": "",
            "display_name": "node-acc",
            "email": "node-acc@nouran-gcp-348610.iam.gserviceaccount.com",
            "id": "projects/nouran-gcp-348610/serviceAccounts/node-acc@nouran-gcp-348610.iam.gserviceaccount.com",
            "name": "projects/nouran-gcp-348610/serviceAccounts/node-acc@nouran-gcp-348610.iam.gserviceaccount.com",
            "project": "nouran-gcp-348610",
            "unique_id": "103678632781117524211"
          },
          "sensitive_attributes": [],
          "private": "bnVsbA=="
        }
      ]
    }
  ]
}
